
Microsoft Visual Studio Solution File, Format Version 12.00
# Visual Studio Version 16
VisualStudioVersion = 16.0.30204.135
MinimumVisualStudioVersion = 10.0.40219.1
Project("{9A19103F-16F7-4668-BE54-9A1E7A4F7556}") = "JavaFlorist", "JavaFlorist\JavaFlorist.csproj", "{FD51444E-2161-4949-BF67-D1A0783E4974}"
EndProject
Global
	GlobalSection(SolutionConfigurationPlatforms) = preSolution
		Debug|Any CPU = Debug|Any CPU
		Release|Any CPU = Release|Any CPU
	EndGlobalSection
	GlobalSection(ProjectConfigurationPlatforms) = postSolution
		{FD51444E-2161-4949-BF67-D1A0783E4974}.Debug|Any CPU.ActiveCfg = Debug|Any CPU
		{FD51444E-2161-4949-BF67-D1A0783E4974}.Debug|Any CPU.Build.0 = Debug|Any CPU
		{FD51444E-2161-4949-BF67-D1A0783E4974}.Release|Any CPU.ActiveCfg = Release|Any CPU
		{FD51444E-2161-4949-BF67-D1A0783E4974}.Release|Any CPU.Build.0 = Release|Any CPU
	EndGlobalSection
	GlobalSection(SolutionProperties) = preSolution
		HideSolutionNode = FALSE
	EndGlobalSection
	GlobalSection(ExtensibilityGlobals) = postSolution
		SolutionGuid = {540F5E56-091E-4F10-8E23-F8E63E60034B}
	EndGlobalSection
EndGlobal
